
Microsoft Visual Studio Solution File, Format Version 12.00
# Visual Studio Version 16
VisualStudioVersion = 16.0.29009.5
MinimumVisualStudioVersion = 10.0.40219.1
Project("{FAE04EC0-301F-11D3-BF4B-00C04F79EFBC}") = "Gladiatus NEW", "Gladiatus NEW\Gladiatus NEW.csproj", "{1351835B-6B57-473B-9EC0-CF56DD513F66}"
EndProject
Project("{FAE04EC0-301F-11D3-BF4B-00C04F79EFBC}") = "SettingsGladiatus", "SettingsGladiatus\SettingsGladiatus.csproj", "{103EBA43-42F5-4036-80F4-BF7A3B8B53A6}"
EndProject
Global
	GlobalSection(SolutionConfigurationPlatforms) = preSolution
		Debug|Any CPU = Debug|Any CPU
		Release|Any CPU = Release|Any CPU
	EndGlobalSection
	GlobalSection(ProjectConfigurationPlatforms) = postSolution
		{1351835B-6B57-473B-9EC0-CF56DD513F66}.Debug|Any CPU.ActiveCfg = Debug|Any CPU
		{1351835B-6B57-473B-9EC0-CF56DD513F66}.Debug|Any CPU.Build.0 = Debug|Any CPU
		{1351835B-6B57-473B-9EC0-CF56DD513F66}.Release|Any CPU.ActiveCfg = Release|Any CPU
		{1351835B-6B57-473B-9EC0-CF56DD513F66}.Release|Any CPU.Build.0 = Release|Any CPU
		{103EBA43-42F5-4036-80F4-BF7A3B8B53A6}.Debug|Any CPU.ActiveCfg = Debug|Any CPU
		{103EBA43-42F5-4036-80F4-BF7A3B8B53A6}.Debug|Any CPU.Build.0 = Debug|Any CPU
		{103EBA43-42F5-4036-80F4-BF7A3B8B53A6}.Release|Any CPU.ActiveCfg = Release|Any CPU
		{103EBA43-42F5-4036-80F4-BF7A3B8B53A6}.Release|Any CPU.Build.0 = Release|Any CPU
	EndGlobalSection
	GlobalSection(SolutionProperties) = preSolution
		HideSolutionNode = FALSE
	EndGlobalSection
	GlobalSection(ExtensibilityGlobals) = postSolution
		SolutionGuid = {4C34ECCA-43C6-4B16-ABCB-93D719FB16C5}
	EndGlobalSection
EndGlobal
